
Microsoft Visual Studio Solution File, Format Version 12.00
# Visual Studio 15
VisualStudioVersion = 15.0.28307.329
MinimumVisualStudioVersion = 10.0.40219.1
Project("{FAE04EC0-301F-11D3-BF4B-00C04F79EFBC}") = "ConsoleOne", "ConsoleOne\ConsoleOne.csproj", "{3E84EF4E-32D7-4C69-8970-8FD6A940B10F}"
EndProject
Project("{FAE04EC0-301F-11D3-BF4B-00C04F79EFBC}") = "FormOne", "FormOne\FormOne.csproj", "{76CE4173-4713-4CC6-9EC5-A64673EE74F8}"
EndProject
Global
	GlobalSection(SolutionConfigurationPlatforms) = preSolution
		Debug|Any CPU = Debug|Any CPU
		Release|Any CPU = Release|Any CPU
	EndGlobalSection
	GlobalSection(ProjectConfigurationPlatforms) = postSolution
		{3E84EF4E-32D7-4C69-8970-8FD6A940B10F}.Debug|Any CPU.ActiveCfg = Debug|Any CPU
		{3E84EF4E-32D7-4C69-8970-8FD6A940B10F}.Debug|Any CPU.Build.0 = Debug|Any CPU
		{3E84EF4E-32D7-4C69-8970-8FD6A940B10F}.Release|Any CPU.ActiveCfg = Release|Any CPU
		{3E84EF4E-32D7-4C69-8970-8FD6A940B10F}.Release|Any CPU.Build.0 = Release|Any CPU
		{76CE4173-4713-4CC6-9EC5-A64673EE74F8}.Debug|Any CPU.ActiveCfg = Debug|Any CPU
		{76CE4173-4713-4CC6-9EC5-A64673EE74F8}.Debug|Any CPU.Build.0 = Debug|Any CPU
		{76CE4173-4713-4CC6-9EC5-A64673EE74F8}.Release|Any CPU.ActiveCfg = Release|Any CPU
		{76CE4173-4713-4CC6-9EC5-A64673EE74F8}.Release|Any CPU.Build.0 = Release|Any CPU
	EndGlobalSection
	GlobalSection(SolutionProperties) = preSolution
		HideSolutionNode = FALSE
	EndGlobalSection
	GlobalSection(ExtensibilityGlobals) = postSolution
		SolutionGuid = {1E17CC8B-356F-4EA8-A91F-C03CC732DC3F}
	EndGlobalSection
EndGlobal
